// !$*UTF8*$!
{
	archiveVersion = 1;
	classes = {
	};
	objectVersion = 56;
	objects = {

/* Begin PBXBuildFile section */
		E1RM0001 /* E1RMCalculatorApp.swift in Sources */ = {isa = PBXBuildFile; fileRef = E1RM0002 /* E1RMCalculatorApp.swift */; };
		E1RM0003 /* ContentView.swift in Sources */ = {isa = PBXBuildFile; fileRef = E1RM0004 /* ContentView.swift */; };
		E1RM0005 /* OneRepMaxCalculator.swift in Sources */ = {isa = PBXBuildFile; fileRef = E1RM0006 /* OneRepMaxCalculator.swift */; };
		E1RM0007 /* Assets.xcassets in Resources */ = {isa = PBXBuildFile; fileRef = E1RM0008 /* Assets.xcassets */; };
		E1RM0020 /* InputFieldsView.swift in Sources */ = {isa = PBXBuildFile; fileRef = E1RM0021 /* InputFieldsView.swift */; };
		E1RM0022 /* RPEPickerView.swift in Sources */ = {isa = PBXBuildFile; fileRef = E1RM0023 /* RPEPickerView.swift */; };
		E1RM0024 /* ResultCardView.swift in Sources */ = {isa = PBXBuildFile; fileRef = E1RM0025 /* ResultCardView.swift */; };
		E1RM0026 /* TrainingPercentagesView.swift in Sources */ = {isa = PBXBuildFile; fileRef = E1RM0027 /* TrainingPercentagesView.swift */; };
		E1RM0028 /* InfoCardView.swift in Sources */ = {isa = PBXBuildFile; fileRef = E1RM0029 /* InfoCardView.swift */; };
		E1RM0041 /* AppSettings.swift in Sources */ = {isa = PBXBuildFile; fileRef = E1RM0040 /* AppSettings.swift */; };
		E1RM0043 /* WeightRounder.swift in Sources */ = {isa = PBXBuildFile; fileRef = E1RM0042 /* WeightRounder.swift */; };
		E1RM0045 /* MotivationalQuotes.swift in Sources */ = {isa = PBXBuildFile; fileRef = E1RM0044 /* MotivationalQuotes.swift */; };
		E1RM0047 /* StoreManager.swift in Sources */ = {isa = PBXBuildFile; fileRef = E1RM0046 /* StoreManager.swift */; };
		E1RM0049 /* SettingsView.swift in Sources */ = {isa = PBXBuildFile; fileRef = E1RM0048 /* SettingsView.swift */; };
		E1RM0051 /* SetsPlannerView.swift in Sources */ = {isa = PBXBuildFile; fileRef = E1RM0050 /* SetsPlannerView.swift */; };
/* End PBXBuildFile section */

/* Begin PBXFileReference section */
		E1RM0002 /* E1RMCalculatorApp.swift */ = {isa = PBXFileReference; lastKnownFileType = sourcecode.swift; path = E1RMCalculatorApp.swift; sourceTree = "<group>"; };
		E1RM0004 /* ContentView.swift */ = {isa = PBXFileReference; lastKnownFileType = sourcecode.swift; path = ContentView.swift; sourceTree = "<group>"; };
		E1RM0006 /* OneRepMaxCalculator.swift */ = {isa = PBXFileReference; lastKnownFileType = sourcecode.swift; path = OneRepMaxCalculator.swift; sourceTree = "<group>"; };
		E1RM0008 /* Assets.xcassets */ = {isa = PBXFileReference; lastKnownFileType = folder.assetcatalog; path = Assets.xcassets; sourceTree = "<group>"; };
		E1RM0009 /* E1RMCalculator.app */ = {isa = PBXFileReference; explicitFileType = wrapper.application; includeInIndex = 0; path = E1RMCalculator.app; sourceTree = BUILT_PRODUCTS_DIR; };
		E1RM0021 /* InputFieldsView.swift */ = {isa = PBXFileReference; lastKnownFileType = sourcecode.swift; path = InputFieldsView.swift; sourceTree = "<group>"; };
		E1RM0023 /* RPEPickerView.swift */ = {isa = PBXFileReference; lastKnownFileType = sourcecode.swift; path = RPEPickerView.swift; sourceTree = "<group>"; };
		E1RM0025 /* ResultCardView.swift */ = {isa = PBXFileReference; lastKnownFileType = sourcecode.swift; path = ResultCardView.swift; sourceTree = "<group>"; };
		E1RM0027 /* TrainingPercentagesView.swift */ = {isa = PBXFileReference; lastKnownFileType = sourcecode.swift; path = TrainingPercentagesView.swift; sourceTree = "<group>"; };
		E1RM0029 /* InfoCardView.swift */ = {isa = PBXFileReference; lastKnownFileType = sourcecode.swift; path = InfoCardView.swift; sourceTree = "<group>"; };
		E1RM0040 /* AppSettings.swift */ = {isa = PBXFileReference; lastKnownFileType = sourcecode.swift; path = AppSettings.swift; sourceTree = "<group>"; };
		E1RM0042 /* WeightRounder.swift */ = {isa = PBXFileReference; lastKnownFileType = sourcecode.swift; path = WeightRounder.swift; sourceTree = "<group>"; };
		E1RM0044 /* MotivationalQuotes.swift */ = {isa = PBXFileReference; lastKnownFileType = sourcecode.swift; path = MotivationalQuotes.swift; sourceTree = "<group>"; };
		E1RM0046 /* StoreManager.swift */ = {isa = PBXFileReference; lastKnownFileType = sourcecode.swift; path = StoreManager.swift; sourceTree = "<group>"; };
		E1RM0048 /* SettingsView.swift */ = {isa = PBXFileReference; lastKnownFileType = sourcecode.swift; path = SettingsView.swift; sourceTree = "<group>"; };
		E1RM0050 /* SetsPlannerView.swift */ = {isa = PBXFileReference; lastKnownFileType = sourcecode.swift; path = SetsPlannerView.swift; sourceTree = "<group>"; };
/* End PBXFileReference section */

/* Begin PBXFrameworksBuildPhase section */
		E1RM000A /* Frameworks */ = {
			isa = PBXFrameworksBuildPhase;
			buildActionMask = 2147483647;
			files = (
			);
			runOnlyForDeploymentPostprocessing = 0;
		};
/* End PBXFrameworksBuildPhase section */

/* Begin PBXGroup section */
		E1RM000B = {
			isa = PBXGroup;
			children = (
				E1RM000C /* E1RMCalculator */,
				E1RM000D /* Products */,
			);
			sourceTree = "<group>";
		};
		E1RM000C /* E1RMCalculator */ = {
			isa = PBXGroup;
			children = (
				E1RM0002 /* E1RMCalculatorApp.swift */,
				E1RM0004 /* ContentView.swift */,
				E1RM000E /* Models */,
				E1RM0030 /* Views */,
				E1RM0052 /* Store */,
				E1RM0008 /* Assets.xcassets */,
			);
			path = E1RMCalculator;
			sourceTree = "<group>";
		};
		E1RM000D /* Products */ = {
			isa = PBXGroup;
			children = (
				E1RM0009 /* E1RMCalculator.app */,
			);
			name = Products;
			sourceTree = "<group>";
		};
		E1RM000E /* Models */ = {
			isa = PBXGroup;
			children = (
				E1RM0006 /* OneRepMaxCalculator.swift */,
				E1RM0040 /* AppSettings.swift */,
				E1RM0042 /* WeightRounder.swift */,
				E1RM0044 /* MotivationalQuotes.swift */,
			);
			path = Models;
			sourceTree = "<group>";
		};
		E1RM0030 /* Views */ = {
			isa = PBXGroup;
			children = (
				E1RM0031 /* Components */,
				E1RM0048 /* SettingsView.swift */,
				E1RM0050 /* SetsPlannerView.swift */,
			);
			path = Views;
			sourceTree = "<group>";
		};
		E1RM0031 /* Components */ = {
			isa = PBXGroup;
			children = (
				E1RM0021 /* InputFieldsView.swift */,
				E1RM0023 /* RPEPickerView.swift */,
				E1RM0025 /* ResultCardView.swift */,
				E1RM0027 /* TrainingPercentagesView.swift */,
				E1RM0029 /* InfoCardView.swift */,
			);
			path = Components;
			sourceTree = "<group>";
		};
		E1RM0052 /* Store */ = {
			isa = PBXGroup;
			children = (
				E1RM0046 /* StoreManager.swift */,
			);
			path = Store;
			sourceTree = "<group>";
		};
/* End PBXGroup section */

/* Begin PBXNativeTarget section */
		E1RM000F /* E1RMCalculator */ = {
			isa = PBXNativeTarget;
			buildConfigurationList = E1RM0010 /* Build configuration list for PBXNativeTarget "E1RMCalculator" */;
			buildPhases = (
				E1RM0011 /* Sources */,
				E1RM000A /* Frameworks */,
				E1RM0012 /* Resources */,
			);
			buildRules = (
			);
			dependencies = (
			);
			name = E1RMCalculator;
			productName = E1RMCalculator;
			productReference = E1RM0009 /* E1RMCalculator.app */;
			productType = "com.apple.product-type.application";
		};
/* End PBXNativeTarget section */

/* Begin PBXProject section */
		E1RM0013 /* Project object */ = {
			isa = PBXProject;
			attributes = {
				BuildIndependentTargetsInParallel = 1;
				LastSwiftUpdateCheck = 1500;
				LastUpgradeCheck = 2620;
			};
			buildConfigurationList = E1RM0014 /* Build configuration list for PBXProject "E1RMCalculator" */;
			compatibilityVersion = "Xcode 14.0";
			developmentRegion = en;
			hasScannedForEncodings = 0;
			knownRegions = (
				en,
				Base,
			);
			mainGroup = E1RM000B;
			productRefGroup = E1RM000D /* Products */;
			projectDirPath = "";
			projectRoot = "";
			targets = (
				E1RM000F /* E1RMCalculator */,
			);
		};
/* End PBXProject section */

/* Begin PBXResourcesBuildPhase section */
		E1RM0012 /* Resources */ = {
			isa = PBXResourcesBuildPhase;
			buildActionMask = 2147483647;
			files = (
				E1RM0007 /* Assets.xcassets in Resources */,
			);
			runOnlyForDeploymentPostprocessing = 0;
		};
/* End PBXResourcesBuildPhase section */

/* Begin PBXSourcesBuildPhase section */
		E1RM0011 /* Sources */ = {
			isa = PBXSourcesBuildPhase;
			buildActionMask = 2147483647;
			files = (
				E1RM0001 /* E1RMCalculatorApp.swift in Sources */,
				E1RM0003 /* ContentView.swift in Sources */,
				E1RM0005 /* OneRepMaxCalculator.swift in Sources */,
				E1RM0020 /* InputFieldsView.swift in Sources */,
				E1RM0022 /* RPEPickerView.swift in Sources */,
				E1RM0024 /* ResultCardView.swift in Sources */,
				E1RM0026 /* TrainingPercentagesView.swift in Sources */,
				E1RM0028 /* InfoCardView.swift in Sources */,
				E1RM0041 /* AppSettings.swift in Sources */,
				E1RM0043 /* WeightRounder.swift in Sources */,
				E1RM0045 /* MotivationalQuotes.swift in Sources */,
				E1RM0047 /* StoreManager.swift in Sources */,
				E1RM0049 /* SettingsView.swift in Sources */,
				E1RM0051 /* SetsPlannerView.swift in Sources */,
			);
			runOnlyForDeploymentPostprocessing = 0;
		};
/* End PBXSourcesBuildPhase section */

/* Begin XCBuildConfiguration section */
		E1RM0015 /* Debug */ = {
			isa = XCBuildConfiguration;
			buildSettings = {
				ALWAYS_SEARCH_USER_PATHS = NO;
				ASSETCATALOG_COMPILER_GENERATE_SWIFT_ASSET_SYMBOL_EXTENSIONS = YES;
				CLANG_ANALYZER_NONNULL = YES;
				CLANG_ANALYZER_NUMBER_OBJECT_CONVERSION = YES_AGGRESSIVE;
				CLANG_CXX_LANGUAGE_STANDARD = "gnu++20";
				CLANG_ENABLE_MODULES = YES;
				CLANG_ENABLE_OBJC_ARC = YES;
				CLANG_ENABLE_OBJC_WEAK = YES;
				CLANG_WARN_BLOCK_CAPTURE_AUTORELEASING = YES;
				CLANG_WARN_BOOL_CONVERSION = YES;
				CLANG_WARN_COMMA = YES;
				CLANG_WARN_CONSTANT_CONVERSION = YES;
				CLANG_WARN_DEPRECATED_OBJC_IMPLEMENTATIONS = YES;
				CLANG_WARN_DIRECT_OBJC_ISA_USAGE = YES_ERROR;
				CLANG_WARN_DOCUMENTATION_COMMENTS = YES;
				CLANG_WARN_EMPTY_BODY = YES;
				CLANG_WARN_ENUM_CONVERSION = YES;
				CLANG_WARN_INFINITE_RECURSION = YES;
				CLANG_WARN_INT_CONVERSION = YES;
				CLANG_WARN_NON_LITERAL_NULL_CONVERSION = YES;
				CLANG_WARN_OBJC_IMPLICIT_RETAIN_SELF = YES;
				CLANG_WARN_OBJC_LITERAL_CONVERSION = YES;
				CLANG_WARN_OBJC_ROOT_CLASS = YES_ERROR;
				CLANG_WARN_QUOTED_INCLUDE_IN_FRAMEWORK_HEADER = YES;
				CLANG_WARN_RANGE_LOOP_ANALYSIS = YES;
				CLANG_WARN_STRICT_PROTOTYPES = YES;
				CLANG_WARN_SUSPICIOUS_MOVE = YES;
				CLANG_WARN_UNGUARDED_AVAILABILITY = YES_AGGRESSIVE;
				CLANG_WARN_UNREACHABLE_CODE = YES;
				CLANG_WARN__DUPLICATE_METHOD_MATCH = YES;
				COPY_PHASE_STRIP = NO;
				DEBUG_INFORMATION_FORMAT = dwarf;
				ENABLE_STRICT_OBJC_MSGSEND = YES;
				ENABLE_TESTABILITY = YES;
				ENABLE_USER_SCRIPT_SANDBOXING = YES;
				GCC_C_LANGUAGE_STANDARD = gnu17;
				GCC_DYNAMIC_NO_PIC = NO;
				GCC_NO_COMMON_BLOCKS = YES;
				GCC_OPTIMIZATION_LEVEL = 0;
				GCC_PREPROCESSOR_DEFINITIONS = (
					"DEBUG=1",
					"$(inherited)",
				);
				GCC_WARN_64_TO_32_BIT_CONVERSION = YES;
				GCC_WARN_ABOUT_RETURN_TYPE = YES_ERROR;
				GCC_WARN_UNDECLARED_SELECTOR = YES;
				GCC_WARN_UNINITIALIZED_AUTOS = YES_AGGRESSIVE;
				GCC_WARN_UNUSED_FUNCTION = YES;
				GCC_WARN_UNUSED_VARIABLE = YES;
				IPHONEOS_DEPLOYMENT_TARGET = 17.0;
				LOCALIZATION_PREFERS_STRING_CATALOGS = YES;
				MTL_ENABLE_DEBUG_INFO = INCLUDE_SOURCE;
				MTL_FAST_MATH = YES;
				ONLY_ACTIVE_ARCH = YES;
				SDKROOT = iphoneos;
				STRING_CATALOG_GENERATE_SYMBOLS = YES;
				SWIFT_ACTIVE_COMPILATION_CONDITIONS = "DEBUG $(inherited)";
				SWIFT_OPTIMIZATION_LEVEL = "-Onone";
			};
			name = Debug;
		};
		E1RM0016 /* Release */ = {
			isa = XCBuildConfiguration;
			buildSettings = {
				ALWAYS_SEARCH_USER_PATHS = NO;
				ASSETCATALOG_COMPILER_GENERATE_SWIFT_ASSET_SYMBOL_EXTENSIONS = YES;
				CLANG_ANALYZER_NONNULL = YES;
				CLANG_ANALYZER_NUMBER_OBJECT_CONVERSION = YES_AGGRESSIVE;
				CLANG_CXX_LANGUAGE_STANDARD = "gnu++20";
				CLANG_ENABLE_MODULES = YES;
				CLANG_ENABLE_OBJC_ARC = YES;
				CLANG_ENABLE_OBJC_WEAK = YES;
				CLANG_WARN_BLOCK_CAPTURE_AUTORELEASING = YES;
				CLANG_WARN_BOOL_CONVERSION = YES;
				CLANG_WARN_COMMA = YES;
				CLANG_WARN_CONSTANT_CONVERSION = YES;
				CLANG_WARN_DEPRECATED_OBJC_IMPLEMENTATIONS = YES;
				CLANG_WARN_DIRECT_OBJC_ISA_USAGE = YES_ERROR;
				CLANG_WARN_DOCUMENTATION_COMMENTS = YES;
				CLANG_WARN_EMPTY_BODY = YES;
				CLANG_WARN_ENUM_CONVERSION = YES;
				CLANG_WARN_INFINITE_RECURSION = YES;
				CLANG_WARN_INT_CONVERSION = YES;
				CLANG_WARN_NON_LITERAL_NULL_CONVERSION = YES;
				CLANG_WARN_OBJC_IMPLICIT_RETAIN_SELF = YES;
				CLANG_WARN_OBJC_LITERAL_CONVERSION = YES;
				CLANG_WARN_OBJC_ROOT_CLASS = YES_ERROR;
				CLANG_WARN_QUOTED_INCLUDE_IN_FRAMEWORK_HEADER = YES;
				CLANG_WARN_RANGE_LOOP_ANALYSIS = YES;
				CLANG_WARN_STRICT_PROTOTYPES = YES;
				CLANG_WARN_SUSPICIOUS_MOVE = YES;
				CLANG_WARN_UNGUARDED_AVAILABILITY = YES_AGGRESSIVE;
				CLANG_WARN_UNREACHABLE_CODE = YES;
				CLANG_WARN__DUPLICATE_METHOD_MATCH = YES;
				COPY_PHASE_STRIP = NO;
				DEBUG_INFORMATION_FORMAT = "dwarf-with-dsym";
				ENABLE_NS_ASSERTIONS = NO;
				ENABLE_STRICT_OBJC_MSGSEND = YES;
				ENABLE_USER_SCRIPT_SANDBOXING = YES;
				GCC_C_LANGUAGE_STANDARD = gnu17;
				GCC_NO_COMMON_BLOCKS = YES;
				GCC_WARN_64_TO_32_BIT_CONVERSION = YES;
				GCC_WARN_ABOUT_RETURN_TYPE = YES_ERROR;
				GCC_WARN_UNDECLARED_SELECTOR = YES;
				GCC_WARN_UNINITIALIZED_AUTOS = YES_AGGRESSIVE;
				GCC_WARN_UNUSED_FUNCTION = YES;
				GCC_WARN_UNUSED_VARIABLE = YES;
				IPHONEOS_DEPLOYMENT_TARGET = 17.0;
				LOCALIZATION_PREFERS_STRING_CATALOGS = YES;
				MTL_ENABLE_DEBUG_INFO = NO;
				MTL_FAST_MATH = YES;
				SDKROOT = iphoneos;
				STRING_CATALOG_GENERATE_SYMBOLS = YES;
				SWIFT_COMPILATION_MODE = wholemodule;
				VALIDATE_PRODUCT = YES;
			};
			name = Release;
		};
		E1RM0017 /* Debug */ = {
			isa = XCBuildConfiguration;
			buildSettings = {
				ASSETCATALOG_COMPILER_APPICON_NAME = AppIcon;
				ASSETCATALOG_COMPILER_GLOBAL_ACCENT_COLOR_NAME = AccentColor;
				CODE_SIGN_STYLE = Automatic;
				CURRENT_PROJECT_VERSION = 3;
				DEVELOPMENT_TEAM = RG72PZGLF9;
				ENABLE_PREVIEWS = YES;
				GENERATE_INFOPLIST_FILE = YES;
				INFOPLIST_KEY_UIApplicationSceneManifest_Generation = YES;
				INFOPLIST_KEY_UIApplicationSupportsIndirectInputEvents = YES;
				INFOPLIST_KEY_UILaunchScreen_Generation = YES;
				INFOPLIST_KEY_UISupportedInterfaceOrientations = UIInterfaceOrientationPortrait;
				INFOPLIST_KEY_UISupportedInterfaceOrientations_iPad = "UIInterfaceOrientationPortrait UIInterfaceOrientationPortraitUpsideDown";
				LD_RUNPATH_SEARCH_PATHS = (
					"$(inherited)",
					"@executable_path/Frameworks",
				);
				MARKETING_VERSION = 2.3.4;
				PRODUCT_BUNDLE_IDENTIFIER = com.e1rm.calculator;
				PRODUCT_NAME = "$(TARGET_NAME)";
				SUPPORTED_PLATFORMS = "iphoneos iphonesimulator";
				SUPPORTS_MACCATALYST = NO;
				SUPPORTS_MAC_DESIGNED_FOR_IPHONE_IPAD = NO;
				SUPPORTS_XR_DESIGNED_FOR_IPHONE_IPAD = NO;
				SWIFT_EMIT_LOC_STRINGS = YES;
				SWIFT_VERSION = 5.0;
				TARGETED_DEVICE_FAMILY = 1;
			};
			name = Debug;
		};
		E1RM0018 /* Release */ = {
			isa = XCBuildConfiguration;
			buildSettings = {
				ASSETCATALOG_COMPILER_APPICON_NAME = AppIcon;
				ASSETCATALOG_COMPILER_GLOBAL_ACCENT_COLOR_NAME = AccentColor;
				CODE_SIGN_IDENTITY = "Apple Development";
				"CODE_SIGN_IDENTITY[sdk=iphoneos*]" = "iPhone Distribution";
				CODE_SIGN_STYLE = Manual;
				CURRENT_PROJECT_VERSION = 3;
				DEVELOPMENT_TEAM = "";
				"DEVELOPMENT_TEAM[sdk=iphoneos*]" = RG72PZGLF9;
				ENABLE_PREVIEWS = YES;
				GENERATE_INFOPLIST_FILE = YES;
				INFOPLIST_KEY_UIApplicationSceneManifest_Generation = YES;
				INFOPLIST_KEY_UIApplicationSupportsIndirectInputEvents = YES;
				INFOPLIST_KEY_UILaunchScreen_Generation = YES;
				INFOPLIST_KEY_UISupportedInterfaceOrientations = UIInterfaceOrientationPortrait;
				INFOPLIST_KEY_UISupportedInterfaceOrientations_iPad = "UIInterfaceOrientationPortrait UIInterfaceOrientationPortraitUpsideDown";
				LD_RUNPATH_SEARCH_PATHS = (
					"$(inherited)",
					"@executable_path/Frameworks",
				);
				MARKETING_VERSION = 2.3.4;
				PRODUCT_BUNDLE_IDENTIFIER = com.e1rm.calculator;
				PRODUCT_NAME = "$(TARGET_NAME)";
				PROVISIONING_PROFILE_SPECIFIER = "";
				"PROVISIONING_PROFILE_SPECIFIER[sdk=iphoneos*]" = "E1RM Calculator App Store";
				SUPPORTED_PLATFORMS = "iphoneos iphonesimulator";
				SUPPORTS_MACCATALYST = NO;
				SUPPORTS_MAC_DESIGNED_FOR_IPHONE_IPAD = NO;
				SUPPORTS_XR_DESIGNED_FOR_IPHONE_IPAD = NO;
				SWIFT_EMIT_LOC_STRINGS = YES;
				SWIFT_VERSION = 5.0;
				TARGETED_DEVICE_FAMILY = 1;
			};
			name = Release;
		};
/* End XCBuildConfiguration section */

/* Begin XCConfigurationList section */
		E1RM0010 /* Build configuration list for PBXNativeTarget "E1RMCalculator" */ = {
			isa = XCConfigurationList;
			buildConfigurations = (
				E1RM0017 /* Debug */,
				E1RM0018 /* Release */,
			);
			defaultConfigurationIsVisible = 0;
			defaultConfigurationName = Release;
		};
		E1RM0014 /* Build configuration list for PBXProject "E1RMCalculator" */ = {
			isa = XCConfigurationList;
			buildConfigurations = (
				E1RM0015 /* Debug */,
				E1RM0016 /* Release */,
			);
			defaultConfigurationIsVisible = 0;
			defaultConfigurationName = Release;
		};
/* End XCConfigurationList section */
	};
	rootObject = E1RM0013 /* Project object */;
}
